// !$*UTF8*$!
{
	archiveVersion = 1;
	classes = {
	};
	objectVersion = 50;
	objects = {

/* Begin PBXBuildFile section */
		A948B0E624FDD40100DEEAF8 /* AppDelegate.swift in Sources */ = {isa = PBXBuildFile; fileRef = A948B0E524FDD40100DEEAF8 /* AppDelegate.swift */; };
		A948B0E824FDD40100DEEAF8 /* SceneDelegate.swift in Sources */ = {isa = PBXBuildFile; fileRef = A948B0E724FDD40100DEEAF8 /* SceneDelegate.swift */; };
		A948B0EA24FDD40100DEEAF8 /* ViewController.swift in Sources */ = {isa = PBXBuildFile; fileRef = A948B0E924FDD40100DEEAF8 /* ViewController.swift */; };
		A948B0ED24FDD40100DEEAF8 /* Main.storyboard in Resources */ = {isa = PBXBuildFile; fileRef = A948B0EB24FDD40100DEEAF8 /* Main.storyboard */; };
		A948B0F024FDD40100DEEAF8 /* KihoonMemo.xcdatamodeld in Sources */ = {isa = PBXBuildFile; fileRef = A948B0EE24FDD40100DEEAF8 /* KihoonMemo.xcdatamodeld */; };
		A948B0F224FDD40400DEEAF8 /* Assets.xcassets in Resources */ = {isa = PBXBuildFile; fileRef = A948B0F124FDD40400DEEAF8 /* Assets.xcassets */; };
		A948B0F524FDD40400DEEAF8 /* LaunchScreen.storyboard in Resources */ = {isa = PBXBuildFile; fileRef = A948B0F324FDD40400DEEAF8 /* LaunchScreen.storyboard */; };
/* End PBXBuildFile section */

/* Begin PBXFileReference section */
		A948B0E224FDD40100DEEAF8 /* KihoonMemo.app */ = {isa = PBXFileReference; explicitFileType = wrapper.application; includeInIndex = 0; path = KihoonMemo.app; sourceTree = BUILT_PRODUCTS_DIR; };
		A948B0E524FDD40100DEEAF8 /* AppDelegate.swift */ = {isa = PBXFileReference; lastKnownFileType = sourcecode.swift; path = AppDelegate.swift; sourceTree = "<group>"; };
		A948B0E724FDD40100DEEAF8 /* SceneDelegate.swift */ = {isa = PBXFileReference; lastKnownFileType = sourcecode.swift; path = SceneDelegate.swift; sourceTree = "<group>"; };
		A948B0E924FDD40100DEEAF8 /* ViewController.swift */ = {isa = PBXFileReference; lastKnownFileType = sourcecode.swift; path = ViewController.swift; sourceTree = "<group>"; };
		A948B0EC24FDD40100DEEAF8 /* Base */ = {isa = PBXFileReference; lastKnownFileType = file.storyboard; name = Base; path = Base.lproj/Main.storyboard; sourceTree = "<group>"; };
		A948B0EF24FDD40100DEEAF8 /* KihoonMemo.xcdatamodel */ = {isa = PBXFileReference; lastKnownFileType = wrapper.xcdatamodel; path = KihoonMemo.xcdatamodel; sourceTree = "<group>"; };
		A948B0F124FDD40400DEEAF8 /* Assets.xcassets */ = {isa = PBXFileReference; lastKnownFileType = folder.assetcatalog; path = Assets.xcassets; sourceTree = "<group>"; };
		A948B0F424FDD40400DEEAF8 /* Base */ = {isa = PBXFileReference; lastKnownFileType = file.storyboard; name = Base; path = Base.lproj/LaunchScreen.storyboard; sourceTree = "<group>"; };
		A948B0F624FDD40400DEEAF8 /* Info.plist */ = {isa = PBXFileReference; lastKnownFileType = text.plist.xml; path = Info.plist; sourceTree = "<group>"; };
/* End PBXFileReference section */

/* Begin PBXFrameworksBuildPhase section */
		A948B0DF24FDD40100DEEAF8 /* Frameworks */ = {
			isa = PBXFrameworksBuildPhase;
			buildActionMask = 2147483647;
			files = (
			);
			runOnlyForDeploymentPostprocessing = 0;
		};
/* End PBXFrameworksBuildPhase section */

/* Begin PBXGroup section */
		A948B0D924FDD40100DEEAF8 = {
			isa = PBXGroup;
			children = (
				A948B0E424FDD40100DEEAF8 /* KihoonMemo */,
				A948B0E324FDD40100DEEAF8 /* Products */,
			);
			sourceTree = "<group>";
		};
		A948B0E324FDD40100DEEAF8 /* Products */ = {
			isa = PBXGroup;
			children = (
				A948B0E224FDD40100DEEAF8 /* KihoonMemo.app */,
			);
			name = Products;
			sourceTree = "<group>";
		};
		A948B0E424FDD40100DEEAF8 /* KihoonMemo */ = {
			isa = PBXGroup;
			children = (
				A948B0E524FDD40100DEEAF8 /* AppDelegate.swift */,
				A948B0E724FDD40100DEEAF8 /* SceneDelegate.swift */,
				A948B0E924FDD40100DEEAF8 /* ViewController.swift */,
				A948B0EB24FDD40100DEEAF8 /* Main.storyboard */,
				A948B0F124FDD40400DEEAF8 /* Assets.xcassets */,
				A948B0F324FDD40400DEEAF8 /* LaunchScreen.storyboard */,
				A948B0F624FDD40400DEEAF8 /* Info.plist */,
				A948B0EE24FDD40100DEEAF8 /* KihoonMemo.xcdatamodeld */,
			);
			path = KihoonMemo;
			sourceTree = "<group>";
		};
/* End PBXGroup section */

/* Begin PBXNativeTarget section */
		A948B0E124FDD40100DEEAF8 /* KihoonMemo */ = {
			isa = PBXNativeTarget;
			buildConfigurationList = A948B0F924FDD40400DEEAF8 /* Build configuration list for PBXNativeTarget "KihoonMemo" */;
			buildPhases = (
				A948B0DE24FDD40100DEEAF8 /* Sources */,
				A948B0DF24FDD40100DEEAF8 /* Frameworks */,
				A948B0E024FDD40100DEEAF8 /* Resources */,
			);
			buildRules = (
			);
			dependencies = (
			);
			name = KihoonMemo;
			productName = KihoonMemo;
			productReference = A948B0E224FDD40100DEEAF8 /* KihoonMemo.app */;
			productType = "com.apple.product-type.application";
		};
/* End PBXNativeTarget section */

/* Begin PBXProject section */
		A948B0DA24FDD40100DEEAF8 /* Project object */ = {
			isa = PBXProject;
			attributes = {
				LastSwiftUpdateCheck = 1160;
				LastUpgradeCheck = 1160;
				ORGANIZATIONNAME = "배기훈";
				TargetAttributes = {
					A948B0E124FDD40100DEEAF8 = {
						CreatedOnToolsVersion = 11.6;
					};
				};
			};
			buildConfigurationList = A948B0DD24FDD40100DEEAF8 /* Build configuration list for PBXProject "KihoonMemo" */;
			compatibilityVersion = "Xcode 9.3";
			developmentRegion = en;
			hasScannedForEncodings = 0;
			knownRegions = (
				en,
				Base,
			);
			mainGroup = A948B0D924FDD40100DEEAF8;
			productRefGroup = A948B0E324FDD40100DEEAF8 /* Products */;
			projectDirPath = "";
			projectRoot = "";
			targets = (
				A948B0E124FDD40100DEEAF8 /* KihoonMemo */,
			);
		};
/* End PBXProject section */

/* Begin PBXResourcesBuildPhase section */
		A948B0E024FDD40100DEEAF8 /* Resources */ = {
			isa = PBXResourcesBuildPhase;
			buildActionMask = 2147483647;
			files = (
				A948B0F524FDD40400DEEAF8 /* LaunchScreen.storyboard in Resources */,
				A948B0F224FDD40400DEEAF8 /* Assets.xcassets in Resources */,
				A948B0ED24FDD40100DEEAF8 /* Main.storyboard in Resources */,
			);
			runOnlyForDeploymentPostprocessing = 0;
		};
/* End PBXResourcesBuildPhase section */

/* Begin PBXSourcesBuildPhase section */
		A948B0DE24FDD40100DEEAF8 /* Sources */ = {
			isa = PBXSourcesBuildPhase;
			buildActionMask = 2147483647;
			files = (
				A948B0EA24FDD40100DEEAF8 /* ViewController.swift in Sources */,
				A948B0F024FDD40100DEEAF8 /* KihoonMemo.xcdatamodeld in Sources */,
				A948B0E624FDD40100DEEAF8 /* AppDelegate.swift in Sources */,
				A948B0E824FDD40100DEEAF8 /* SceneDelegate.swift in Sources */,
			);
			runOnlyForDeploymentPostprocessing = 0;
		};
/* End PBXSourcesBuildPhase section */

/* Begin PBXVariantGroup section */
		A948B0EB24FDD40100DEEAF8 /* Main.storyboard */ = {
			isa = PBXVariantGroup;
			children = (
				A948B0EC24FDD40100DEEAF8 /* Base */,
			);
			name = Main.storyboard;
			sourceTree = "<group>";
		};
		A948B0F324FDD40400DEEAF8 /* LaunchScreen.storyboard */ = {
			isa = PBXVariantGroup;
			children = (
				A948B0F424FDD40400DEEAF8 /* Base */,
			);
			name = LaunchScreen.storyboard;
			sourceTree = "<group>";
		};
/* End PBXVariantGroup section */

/* Begin XCBuildConfiguration section */
		A948B0F724FDD40400DEEAF8 /* Debug */ = {
			isa = XCBuildConfiguration;
			buildSettings = {
				ALWAYS_SEARCH_USER_PATHS = NO;
				CLANG_ANALYZER_NONNULL = YES;
				CLANG_ANALYZER_NUMBER_OBJECT_CONVERSION = YES_AGGRESSIVE;
				CLANG_CXX_LANGUAGE_STANDARD = "gnu++14";
				CLANG_CXX_LIBRARY = "libc++";
				CLANG_ENABLE_MODULES = YES;
				CLANG_ENABLE_OBJC_ARC = YES;
				CLANG_ENABLE_OBJC_WEAK = YES;
				CLANG_WARN_BLOCK_CAPTURE_AUTORELEASING = YES;
				CLANG_WARN_BOOL_CONVERSION = YES;
				CLANG_WARN_COMMA = YES;
				CLANG_WARN_CONSTANT_CONVERSION = YES;
				CLANG_WARN_DEPRECATED_OBJC_IMPLEMENTATIONS = YES;
				CLANG_WARN_DIRECT_OBJC_ISA_USAGE = YES_ERROR;
				CLANG_WARN_DOCUMENTATION_COMMENTS = YES;
				CLANG_WARN_EMPTY_BODY = YES;
				CLANG_WARN_ENUM_CONVERSION = YES;
				CLANG_WARN_INFINITE_RECURSION = YES;
				CLANG_WARN_INT_CONVERSION = YES;
				CLANG_WARN_NON_LITERAL_NULL_CONVERSION = YES;
				CLANG_WARN_OBJC_IMPLICIT_RETAIN_SELF = YES;
				CLANG_WARN_OBJC_LITERAL_CONVERSION = YES;
				CLANG_WARN_OBJC_ROOT_CLASS = YES_ERROR;
				CLANG_WARN_RANGE_LOOP_ANALYSIS = YES;
				CLANG_WARN_STRICT_PROTOTYPES = YES;
				CLANG_WARN_SUSPICIOUS_MOVE = YES;
				CLANG_WARN_UNGUARDED_AVAILABILITY = YES_AGGRESSIVE;
				CLANG_WARN_UNREACHABLE_CODE = YES;
				CLANG_WARN__DUPLICATE_METHOD_MATCH = YES;
				COPY_PHASE_STRIP = NO;
				DEBUG_INFORMATION_FORMAT = dwarf;
				ENABLE_STRICT_OBJC_MSGSEND = YES;
				ENABLE_TESTABILITY = YES;
				GCC_C_LANGUAGE_STANDARD = gnu11;
				GCC_DYNAMIC_NO_PIC = NO;
				GCC_NO_COMMON_BLOCKS = YES;
				GCC_OPTIMIZATION_LEVEL = 0;
				GCC_PREPROCESSOR_DEFINITIONS = (
					"DEBUG=1",
					"$(inherited)",
				);
				GCC_WARN_64_TO_32_BIT_CONVERSION = YES;
				GCC_WARN_ABOUT_RETURN_TYPE = YES_ERROR;
				GCC_WARN_UNDECLARED_SELECTOR = YES;
				GCC_WARN_UNINITIALIZED_AUTOS = YES_AGGRESSIVE;
				GCC_WARN_UNUSED_FUNCTION = YES;
				GCC_WARN_UNUSED_VARIABLE = YES;
				IPHONEOS_DEPLOYMENT_TARGET = 13.6;
				MTL_ENABLE_DEBUG_INFO = INCLUDE_SOURCE;
				MTL_FAST_MATH = YES;
				ONLY_ACTIVE_ARCH = YES;
				SDKROOT = iphoneos;
				SWIFT_ACTIVE_COMPILATION_CONDITIONS = DEBUG;
				SWIFT_OPTIMIZATION_LEVEL = "-Onone";
			};
			name = Debug;
		};
		A948B0F824FDD40400DEEAF8 /* Release */ = {
			isa = XCBuildConfiguration;
			buildSettings = {
				ALWAYS_SEARCH_USER_PATHS = NO;
				CLANG_ANALYZER_NONNULL = YES;
				CLANG_ANALYZER_NUMBER_OBJECT_CONVERSION = YES_AGGRESSIVE;
				CLANG_CXX_LANGUAGE_STANDARD = "gnu++14";
				CLANG_CXX_LIBRARY = "libc++";
				CLANG_ENABLE_MODULES = YES;
				CLANG_ENABLE_OBJC_ARC = YES;
				CLANG_ENABLE_OBJC_WEAK = YES;
				CLANG_WARN_BLOCK_CAPTURE_AUTORELEASING = YES;
				CLANG_WARN_BOOL_CONVERSION = YES;
				CLANG_WARN_COMMA = YES;
				CLANG_WARN_CONSTANT_CONVERSION = YES;
				CLANG_WARN_DEPRECATED_OBJC_IMPLEMENTATIONS = YES;
				CLANG_WARN_DIRECT_OBJC_ISA_USAGE = YES_ERROR;
				CLANG_WARN_DOCUMENTATION_COMMENTS = YES;
				CLANG_WARN_EMPTY_BODY = YES;
				CLANG_WARN_ENUM_CONVERSION = YES;
				CLANG_WARN_INFINITE_RECURSION = YES;
				CLANG_WARN_INT_CONVERSION = YES;
				CLANG_WARN_NON_LITERAL_NULL_CONVERSION = YES;
				CLANG_WARN_OBJC_IMPLICIT_RETAIN_SELF = YES;
				CLANG_WARN_OBJC_LITERAL_CONVERSION = YES;
				CLANG_WARN_OBJC_ROOT_CLASS = YES_ERROR;
				CLANG_WARN_RANGE_LOOP_ANALYSIS = YES;
				CLANG_WARN_STRICT_PROTOTYPES = YES;
				CLANG_WARN_SUSPICIOUS_MOVE = YES;
				CLANG_WARN_UNGUARDED_AVAILABILITY = YES_AGGRESSIVE;
				CLANG_WARN_UNREACHABLE_CODE = YES;
				CLANG_WARN__DUPLICATE_METHOD_MATCH = YES;
				COPY_PHASE_STRIP = NO;
				DEBUG_INFORMATION_FORMAT = "dwarf-with-dsym";
				ENABLE_NS_ASSERTIONS = NO;
				ENABLE_STRICT_OBJC_MSGSEND = YES;
				GCC_C_LANGUAGE_STANDARD = gnu11;
				GCC_NO_COMMON_BLOCKS = YES;
				GCC_WARN_64_TO_32_BIT_CONVERSION = YES;
				GCC_WARN_ABOUT_RETURN_TYPE = YES_ERROR;
				GCC_WARN_UNDECLARED_SELECTOR = YES;
				GCC_WARN_UNINITIALIZED_AUTOS = YES_AGGRESSIVE;
				GCC_WARN_UNUSED_FUNCTION = YES;
				GCC_WARN_UNUSED_VARIABLE = YES;
				IPHONEOS_DEPLOYMENT_TARGET = 13.6;
				MTL_ENABLE_DEBUG_INFO = NO;
				MTL_FAST_MATH = YES;
				SDKROOT = iphoneos;
				SWIFT_COMPILATION_MODE = wholemodule;
				SWIFT_OPTIMIZATION_LEVEL = "-O";
				VALIDATE_PRODUCT = YES;
			};
			name = Release;
		};
		A948B0FA24FDD40400DEEAF8 /* Debug */ = {
			isa = XCBuildConfiguration;
			buildSettings = {
				ASSETCATALOG_COMPILER_APPICON_NAME = AppIcon;
				CODE_SIGN_STYLE = Automatic;
				DEVELOPMENT_TEAM = 43QC9DC5CX;
				INFOPLIST_FILE = KihoonMemo/Info.plist;
				IPHONEOS_DEPLOYMENT_TARGET = 10.0;
				LD_RUNPATH_SEARCH_PATHS = (
					"$(inherited)",
					"@executable_path/Frameworks",
				);
				PRODUCT_BUNDLE_IDENTIFIER = naver.rlgns1129.KihoonMemo;
				PRODUCT_NAME = "$(TARGET_NAME)";
				SWIFT_VERSION = 5.0;
				TARGETED_DEVICE_FAMILY = "1,2";
			};
			name = Debug;
		};
		A948B0FB24FDD40400DEEAF8 /* Release */ = {
			isa = XCBuildConfiguration;
			buildSettings = {
				ASSETCATALOG_COMPILER_APPICON_NAME = AppIcon;
				CODE_SIGN_STYLE = Automatic;
				DEVELOPMENT_TEAM = 43QC9DC5CX;
				INFOPLIST_FILE = KihoonMemo/Info.plist;
				IPHONEOS_DEPLOYMENT_TARGET = 10.0;
				LD_RUNPATH_SEARCH_PATHS = (
					"$(inherited)",
					"@executable_path/Frameworks",
				);
				PRODUCT_BUNDLE_IDENTIFIER = naver.rlgns1129.KihoonMemo;
				PRODUCT_NAME = "$(TARGET_NAME)";
				SWIFT_VERSION = 5.0;
				TARGETED_DEVICE_FAMILY = "1,2";
			};
			name = Release;
		};
/* End XCBuildConfiguration section */

/* Begin XCConfigurationList section */
		A948B0DD24FDD40100DEEAF8 /* Build configuration list for PBXProject "KihoonMemo" */ = {
			isa = XCConfigurationList;
			buildConfigurations = (
				A948B0F724FDD40400DEEAF8 /* Debug */,
				A948B0F824FDD40400DEEAF8 /* Release */,
			);
			defaultConfigurationIsVisible = 0;
			defaultConfigurationName = Release;
		};
		A948B0F924FDD40400DEEAF8 /* Build configuration list for PBXNativeTarget "KihoonMemo" */ = {
			isa = XCConfigurationList;
			buildConfigurations = (
				A948B0FA24FDD40400DEEAF8 /* Debug */,
				A948B0FB24FDD40400DEEAF8 /* Release */,
			);
			defaultConfigurationIsVisible = 0;
			defaultConfigurationName = Release;
		};
/* End XCConfigurationList section */

/* Begin XCVersionGroup section */
		A948B0EE24FDD40100DEEAF8 /* KihoonMemo.xcdatamodeld */ = {
			isa = XCVersionGroup;
			children = (
				A948B0EF24FDD40100DEEAF8 /* KihoonMemo.xcdatamodel */,
			);
			currentVersion = A948B0EF24FDD40100DEEAF8 /* KihoonMemo.xcdatamodel */;
			path = KihoonMemo.xcdatamodeld;
			sourceTree = "<group>";
			versionGroupType = wrapper.xcdatamodel;
		};
/* End XCVersionGroup section */
	};
	rootObject = A948B0DA24FDD40100DEEAF8 /* Project object */;
}
